{
  "name": "second_package",
  "version": "1.0.0",
  "lockfileVersion": 1,
  "requires": true,
  "dependencies": {
    "@sorg/log": {
      "version": "1.0.3",
      "resolved": "https://registry.npmjs.org/@sorg/log/-/log-1.0.3.tgz",
      "integrity": "sha512-IxSoP+H9BDJ3eXHbtvDCge7b5jN4O6u+piKgtqG8lEEvypfmX8MZRjx7EZWFzk8ZAhdJOdNaAd27WsglPpT5HA==",
      "requires": {
        "s.color": "^0.0.11"
      }
    },
    "s.color": {
      "version": "0.0.11",
      "resolved": "https://registry.npmjs.org/s.color/-/s.color-0.0.11.tgz",
      "integrity": "sha512-HohE7NgIyKhYRdyiIgloaP1mh4Gi4EavCcLyl129N/2UdM+4aJF7ZmtoU3fb6zy+iZ6eraM2oRhNoe/itfBmUg=="
    },
    "sass-formatter": {
      "version": "0.4.1",
      "resolved": "https://registry.npmjs.org/sass-formatter/-/sass-formatter-0.4.1.tgz",
      "integrity": "sha512-9NHYWLWM9l6HE/vdKYGj7xKgTwmitbjeTA4l0GNVz40O3EndEocF4kPLCir2C8GRvYZbb1qUrr+CJ0sw7OwQNA==",
      "requires": {
        "@sorg/log": "^1.0.3",
        "suf-regex": "0.0.14"
      }
    },
    "suf-regex": {
      "version": "0.0.14",
      "resolved": "https://registry.npmjs.org/suf-regex/-/suf-regex-0.0.14.tgz",
      "integrity": "sha512-+WE5PZTfD6lVNCNsyBInJIAbok8LpqgOhvCbSViZeQ/JTxdxq7Lw+tSJXGM+jrIp81jj9GCMYvkl00JAkn2CtA=="
    }
  }
}
